
Microsoft Visual Studio Solution File, Format Version 12.00
# Visual Studio 15
VisualStudioVersion = 15.0.27130.0
MinimumVisualStudioVersion = 10.0.40219.1
Project("{FAE04EC0-301F-11D3-BF4B-00C04F79EFBC}") = "Payments.Endpoint.Worker", "Payments.Endpoint.Worker\Payments.Endpoint.Worker.csproj", "{8E6EB4B5-9EC4-44EB-822F-05EEEE2FBA29}"
EndProject
Project("{FAE04EC0-301F-11D3-BF4B-00C04F79EFBC}") = "Payments.Endpoint.Distributor", "Payments.Endpoint.Distributor\Payments.Endpoint.Distributor.csproj", "{1CE2FB22-FA02-461D-B53C-F4E5CD1EA71F}"
EndProject
Project("{FAE04EC0-301F-11D3-BF4B-00C04F79EFBC}") = "Payments.Messages", "Payments.Messages\Payments.Messages.csproj", "{7069E66F-B325-455D-B706-6B06EB15707F}"
EndProject
Project("{FAE04EC0-301F-11D3-BF4B-00C04F79EFBC}") = "Payments.Bridge", "Payments.Bridge\Payments.Bridge.csproj", "{CE5C7F09-F271-4549-BF91-C11EDFC853EB}"
EndProject
Project("{FAE04EC0-301F-11D3-BF4B-00C04F79EFBC}") = "ASBClient", "ASBClient\ASBClient.csproj", "{B6DFC75B-2490-4294-995B-E097EAB46548}"
EndProject
Global
	GlobalSection(SolutionConfigurationPlatforms) = preSolution
		Debug|Any CPU = Debug|Any CPU
		Release|Any CPU = Release|Any CPU
	EndGlobalSection
	GlobalSection(ProjectConfigurationPlatforms) = postSolution
		{8E6EB4B5-9EC4-44EB-822F-05EEEE2FBA29}.Debug|Any CPU.ActiveCfg = Debug|Any CPU
		{8E6EB4B5-9EC4-44EB-822F-05EEEE2FBA29}.Debug|Any CPU.Build.0 = Debug|Any CPU
		{8E6EB4B5-9EC4-44EB-822F-05EEEE2FBA29}.Release|Any CPU.ActiveCfg = Release|Any CPU
		{8E6EB4B5-9EC4-44EB-822F-05EEEE2FBA29}.Release|Any CPU.Build.0 = Release|Any CPU
		{1CE2FB22-FA02-461D-B53C-F4E5CD1EA71F}.Debug|Any CPU.ActiveCfg = Debug|Any CPU
		{1CE2FB22-FA02-461D-B53C-F4E5CD1EA71F}.Debug|Any CPU.Build.0 = Debug|Any CPU
		{1CE2FB22-FA02-461D-B53C-F4E5CD1EA71F}.Release|Any CPU.ActiveCfg = Release|Any CPU
		{1CE2FB22-FA02-461D-B53C-F4E5CD1EA71F}.Release|Any CPU.Build.0 = Release|Any CPU
		{7069E66F-B325-455D-B706-6B06EB15707F}.Debug|Any CPU.ActiveCfg = Debug|Any CPU
		{7069E66F-B325-455D-B706-6B06EB15707F}.Debug|Any CPU.Build.0 = Debug|Any CPU
		{7069E66F-B325-455D-B706-6B06EB15707F}.Release|Any CPU.ActiveCfg = Release|Any CPU
		{7069E66F-B325-455D-B706-6B06EB15707F}.Release|Any CPU.Build.0 = Release|Any CPU
		{CE5C7F09-F271-4549-BF91-C11EDFC853EB}.Debug|Any CPU.ActiveCfg = Debug|Any CPU
		{CE5C7F09-F271-4549-BF91-C11EDFC853EB}.Debug|Any CPU.Build.0 = Debug|Any CPU
		{CE5C7F09-F271-4549-BF91-C11EDFC853EB}.Release|Any CPU.ActiveCfg = Release|Any CPU
		{CE5C7F09-F271-4549-BF91-C11EDFC853EB}.Release|Any CPU.Build.0 = Release|Any CPU
		{B6DFC75B-2490-4294-995B-E097EAB46548}.Debug|Any CPU.ActiveCfg = Debug|Any CPU
		{B6DFC75B-2490-4294-995B-E097EAB46548}.Debug|Any CPU.Build.0 = Debug|Any CPU
		{B6DFC75B-2490-4294-995B-E097EAB46548}.Release|Any CPU.ActiveCfg = Release|Any CPU
		{B6DFC75B-2490-4294-995B-E097EAB46548}.Release|Any CPU.Build.0 = Release|Any CPU
	EndGlobalSection
	GlobalSection(SolutionProperties) = preSolution
		HideSolutionNode = FALSE
	EndGlobalSection
	GlobalSection(ExtensibilityGlobals) = postSolution
		SolutionGuid = {D1C530E4-F5C5-4A85-B0BF-02B92973841D}
	EndGlobalSection
EndGlobal
